
Microsoft Visual Studio Solution File, Format Version 12.00
# Visual Studio Version 16
VisualStudioVersion = 16.0.31205.134
MinimumVisualStudioVersion = 10.0.40219.1
Project("{FAE04EC0-301F-11D3-BF4B-00C04F79EFBC}") = "recursion5", "recursion5\recursion5.csproj", "{217C2210-881F-4E2A-871B-23663F820FC9}"
EndProject
Global
	GlobalSection(SolutionConfigurationPlatforms) = preSolution
		Debug|Any CPU = Debug|Any CPU
		Release|Any CPU = Release|Any CPU
	EndGlobalSection
	GlobalSection(ProjectConfigurationPlatforms) = postSolution
		{217C2210-881F-4E2A-871B-23663F820FC9}.Debug|Any CPU.ActiveCfg = Debug|Any CPU
		{217C2210-881F-4E2A-871B-23663F820FC9}.Debug|Any CPU.Build.0 = Debug|Any CPU
		{217C2210-881F-4E2A-871B-23663F820FC9}.Release|Any CPU.ActiveCfg = Release|Any CPU
		{217C2210-881F-4E2A-871B-23663F820FC9}.Release|Any CPU.Build.0 = Release|Any CPU
	EndGlobalSection
	GlobalSection(SolutionProperties) = preSolution
		HideSolutionNode = FALSE
	EndGlobalSection
	GlobalSection(ExtensibilityGlobals) = postSolution
		SolutionGuid = {DCABB6FB-E5FE-48AE-9CB4-F0E650B0D43A}
	EndGlobalSection
EndGlobal
